
Microsoft Visual Studio Solution File, Format Version 12.00
# Visual Studio Version 16
VisualStudioVersion = 16.0.30204.135
MinimumVisualStudioVersion = 10.0.40219.1
Project("{9A19103F-16F7-4668-BE54-9A1E7A4F7556}") = "MeterAfrica", "MeterAfrica\MeterAfrica.csproj", "{DE21ACE3-D802-449F-B461-03431834346B}"
EndProject
Project("{9A19103F-16F7-4668-BE54-9A1E7A4F7556}") = "MeterAfricaClassLib", "MeterAfricaClassLib\MeterAfricaClassLib.csproj", "{9DD9B59D-AF68-4A0D-B00C-7614529F3D8D}"
EndProject
Project("{9A19103F-16F7-4668-BE54-9A1E7A4F7556}") = "MeterAfricaApi", "MeterAfricaApi\MeterAfricaApi.csproj", "{13BFEE2B-0CCB-4B96-8562-50A7FAE71773}"
EndProject
Project("{E53339B2-1760-4266-BCC7-CA923CBCF16C}") = "docker-compose", "docker-compose.dcproj", "{105DF8AD-A6D1-475E-800D-083CB4BBD63A}"
EndProject
Global
	GlobalSection(SolutionConfigurationPlatforms) = preSolution
		Debug|Any CPU = Debug|Any CPU
		Release|Any CPU = Release|Any CPU
	EndGlobalSection
	GlobalSection(ProjectConfigurationPlatforms) = postSolution
		{DE21ACE3-D802-449F-B461-03431834346B}.Debug|Any CPU.ActiveCfg = Debug|Any CPU
		{DE21ACE3-D802-449F-B461-03431834346B}.Debug|Any CPU.Build.0 = Debug|Any CPU
		{DE21ACE3-D802-449F-B461-03431834346B}.Release|Any CPU.ActiveCfg = Release|Any CPU
		{DE21ACE3-D802-449F-B461-03431834346B}.Release|Any CPU.Build.0 = Release|Any CPU
		{9DD9B59D-AF68-4A0D-B00C-7614529F3D8D}.Debug|Any CPU.ActiveCfg = Debug|Any CPU
		{9DD9B59D-AF68-4A0D-B00C-7614529F3D8D}.Debug|Any CPU.Build.0 = Debug|Any CPU
		{9DD9B59D-AF68-4A0D-B00C-7614529F3D8D}.Release|Any CPU.ActiveCfg = Release|Any CPU
		{9DD9B59D-AF68-4A0D-B00C-7614529F3D8D}.Release|Any CPU.Build.0 = Release|Any CPU
		{13BFEE2B-0CCB-4B96-8562-50A7FAE71773}.Debug|Any CPU.ActiveCfg = Debug|Any CPU
		{13BFEE2B-0CCB-4B96-8562-50A7FAE71773}.Debug|Any CPU.Build.0 = Debug|Any CPU
		{13BFEE2B-0CCB-4B96-8562-50A7FAE71773}.Release|Any CPU.ActiveCfg = Release|Any CPU
		{13BFEE2B-0CCB-4B96-8562-50A7FAE71773}.Release|Any CPU.Build.0 = Release|Any CPU
		{105DF8AD-A6D1-475E-800D-083CB4BBD63A}.Debug|Any CPU.ActiveCfg = Debug|Any CPU
		{105DF8AD-A6D1-475E-800D-083CB4BBD63A}.Debug|Any CPU.Build.0 = Debug|Any CPU
		{105DF8AD-A6D1-475E-800D-083CB4BBD63A}.Release|Any CPU.ActiveCfg = Release|Any CPU
		{105DF8AD-A6D1-475E-800D-083CB4BBD63A}.Release|Any CPU.Build.0 = Release|Any CPU
	EndGlobalSection
	GlobalSection(SolutionProperties) = preSolution
		HideSolutionNode = FALSE
	EndGlobalSection
	GlobalSection(ExtensibilityGlobals) = postSolution
		SolutionGuid = {7A4BC453-9256-43DF-98BC-65045228C2C6}
	EndGlobalSection
EndGlobal
